
Microsoft Visual Studio Solution File, Format Version 12.00
# Visual Studio Version 16
VisualStudioVersion = 16.0.32002.261
MinimumVisualStudioVersion = 10.0.40219.1
Project("{FAE04EC0-301F-11D3-BF4B-00C04F79EFBC}") = "PicZipper", "PicZipper\PicZipper.csproj", "{AB7CA44B-5030-463F-ACD2-A6CD4C381D6C}"
EndProject
Global
	GlobalSection(SolutionConfigurationPlatforms) = preSolution
		Debug|Any CPU = Debug|Any CPU
		Release|Any CPU = Release|Any CPU
	EndGlobalSection
	GlobalSection(ProjectConfigurationPlatforms) = postSolution
		{AB7CA44B-5030-463F-ACD2-A6CD4C381D6C}.Debug|Any CPU.ActiveCfg = Debug|Any CPU
		{AB7CA44B-5030-463F-ACD2-A6CD4C381D6C}.Debug|Any CPU.Build.0 = Debug|Any CPU
		{AB7CA44B-5030-463F-ACD2-A6CD4C381D6C}.Release|Any CPU.ActiveCfg = Release|Any CPU
		{AB7CA44B-5030-463F-ACD2-A6CD4C381D6C}.Release|Any CPU.Build.0 = Release|Any CPU
	EndGlobalSection
	GlobalSection(SolutionProperties) = preSolution
		HideSolutionNode = FALSE
	EndGlobalSection
	GlobalSection(ExtensibilityGlobals) = postSolution
		SolutionGuid = {3300119A-972A-4A8C-AE60-803468268BC1}
	EndGlobalSection
EndGlobal
